
Microsoft Visual Studio Solution File, Format Version 12.00
Project("{FAE04EC0-301F-11D3-BF4B-00C04F79EFBC}") = "ControlWork", "ControlWork\ControlWork.csproj", "{714BF898-6EE0-4FCC-9519-23FA22B27214}"
EndProject
Project("{FAE04EC0-301F-11D3-BF4B-00C04F79EFBC}") = "ControlWorkTests", "ControlWorkTests\ControlWorkTests.csproj", "{AB81FF6F-6B75-407B-8F1D-AAB870AF03B5}"
EndProject
Global
	GlobalSection(SolutionConfigurationPlatforms) = preSolution
		Debug|Any CPU = Debug|Any CPU
		Release|Any CPU = Release|Any CPU
	EndGlobalSection
	GlobalSection(ProjectConfigurationPlatforms) = postSolution
		{714BF898-6EE0-4FCC-9519-23FA22B27214}.Debug|Any CPU.ActiveCfg = Debug|Any CPU
		{714BF898-6EE0-4FCC-9519-23FA22B27214}.Debug|Any CPU.Build.0 = Debug|Any CPU
		{714BF898-6EE0-4FCC-9519-23FA22B27214}.Release|Any CPU.ActiveCfg = Release|Any CPU
		{714BF898-6EE0-4FCC-9519-23FA22B27214}.Release|Any CPU.Build.0 = Release|Any CPU
		{AB81FF6F-6B75-407B-8F1D-AAB870AF03B5}.Debug|Any CPU.ActiveCfg = Debug|Any CPU
		{AB81FF6F-6B75-407B-8F1D-AAB870AF03B5}.Debug|Any CPU.Build.0 = Debug|Any CPU
		{AB81FF6F-6B75-407B-8F1D-AAB870AF03B5}.Release|Any CPU.ActiveCfg = Release|Any CPU
		{AB81FF6F-6B75-407B-8F1D-AAB870AF03B5}.Release|Any CPU.Build.0 = Release|Any CPU
	EndGlobalSection
EndGlobal
